
Microsoft Visual Studio Solution File, Format Version 12.00
# Visual Studio 15
VisualStudioVersion = 15.0.28307.960
MinimumVisualStudioVersion = 10.0.40219.1
Project("{888888A0-9F3D-457C-B088-3A5042F75D52}") = "PythonOptimalPath", "PythonOptimalPath\PythonOptimalPath.pyproj", "{10E20E49-C68E-4DFA-BB0B-606510D52E43}"
EndProject
Global
	GlobalSection(SolutionConfigurationPlatforms) = preSolution
		Debug|Any CPU = Debug|Any CPU
		Release|Any CPU = Release|Any CPU
	EndGlobalSection
	GlobalSection(ProjectConfigurationPlatforms) = postSolution
		{10E20E49-C68E-4DFA-BB0B-606510D52E43}.Debug|Any CPU.ActiveCfg = Debug|Any CPU
		{10E20E49-C68E-4DFA-BB0B-606510D52E43}.Release|Any CPU.ActiveCfg = Release|Any CPU
	EndGlobalSection
	GlobalSection(SolutionProperties) = preSolution
		HideSolutionNode = FALSE
	EndGlobalSection
	GlobalSection(ExtensibilityGlobals) = postSolution
		SolutionGuid = {1D6E5A39-FA73-431C-9F54-4F77AC5F5DB8}
	EndGlobalSection
EndGlobal
